// !$*UTF8*$!
{
	archiveVersion = 1;
	classes = {
	};
	objectVersion = 51;
	objects = {

/* Begin PBXBuildFile section */
		04292FE223FFCFCD008C1F83 /* AppDelegate.swift in Sources */ = {isa = PBXBuildFile; fileRef = 04292FE123FFCFCD008C1F83 /* AppDelegate.swift */; };
		04292FE423FFCFCD008C1F83 /* SceneDelegate.swift in Sources */ = {isa = PBXBuildFile; fileRef = 04292FE323FFCFCD008C1F83 /* SceneDelegate.swift */; };
		04292FE623FFCFCD008C1F83 /* ContentView.swift in Sources */ = {isa = PBXBuildFile; fileRef = 04292FE523FFCFCD008C1F83 /* ContentView.swift */; };
		04292FE823FFCFCE008C1F83 /* Assets.xcassets in Resources */ = {isa = PBXBuildFile; fileRef = 04292FE723FFCFCE008C1F83 /* Assets.xcassets */; };
		04292FEB23FFCFCE008C1F83 /* Preview Assets.xcassets in Resources */ = {isa = PBXBuildFile; fileRef = 04292FEA23FFCFCE008C1F83 /* Preview Assets.xcassets */; };
		04292FEE23FFCFCE008C1F83 /* LaunchScreen.storyboard in Resources */ = {isa = PBXBuildFile; fileRef = 04292FEC23FFCFCE008C1F83 /* LaunchScreen.storyboard */; };
		047AF44C242DD8320013AF14 /* HttpRequestTests.swift in Sources */ = {isa = PBXBuildFile; fileRef = 047AF44B242DD8320013AF14 /* HttpRequestTests.swift */; };
		820DE8DB24225F880034E3E3 /* Utils.swift in Sources */ = {isa = PBXBuildFile; fileRef = 820DE8DA24225F880034E3E3 /* Utils.swift */; };
		820DE8DD24225FA70034E3E3 /* APIClient.swift in Sources */ = {isa = PBXBuildFile; fileRef = 820DE8DC24225FA70034E3E3 /* APIClient.swift */; };
		820DE8DF24225FE80034E3E3 /* Promise.swift in Sources */ = {isa = PBXBuildFile; fileRef = 820DE8DE24225FE80034E3E3 /* Promise.swift */; };
		82136CDA24057C0900BBC1DE /* Config.swift in Sources */ = {isa = PBXBuildFile; fileRef = 82136CD924057C0900BBC1DE /* Config.swift */; };
		826F2A6224066DE500641726 /* Login.swift in Sources */ = {isa = PBXBuildFile; fileRef = 826F2A6124066DE500641726 /* Login.swift */; };
		82D842EF24027D0700CAC50B /* ContentViewModel.swift in Sources */ = {isa = PBXBuildFile; fileRef = 82D842EE24027D0700CAC50B /* ContentViewModel.swift */; };
		9C8B66A2547A023F3ED0012E /* Pods_HttpRequest.framework in Frameworks */ = {isa = PBXBuildFile; fileRef = 85576DBC49156D3321CB8F34 /* Pods_HttpRequest.framework */; };
/* End PBXBuildFile section */

/* Begin PBXContainerItemProxy section */
		047AF44E242DD8320013AF14 /* PBXContainerItemProxy */ = {
			isa = PBXContainerItemProxy;
			containerPortal = 04292FD623FFCFCD008C1F83 /* Project object */;
			proxyType = 1;
			remoteGlobalIDString = 04292FDD23FFCFCD008C1F83;
			remoteInfo = HttpRequest;
		};
/* End PBXContainerItemProxy section */

/* Begin PBXFileReference section */
		04292FDE23FFCFCD008C1F83 /* HttpRequest.app */ = {isa = PBXFileReference; explicitFileType = wrapper.application; includeInIndex = 0; path = HttpRequest.app; sourceTree = BUILT_PRODUCTS_DIR; };
		04292FE123FFCFCD008C1F83 /* AppDelegate.swift */ = {isa = PBXFileReference; lastKnownFileType = sourcecode.swift; path = AppDelegate.swift; sourceTree = "<group>"; };
		04292FE323FFCFCD008C1F83 /* SceneDelegate.swift */ = {isa = PBXFileReference; lastKnownFileType = sourcecode.swift; path = SceneDelegate.swift; sourceTree = "<group>"; };
		04292FE523FFCFCD008C1F83 /* ContentView.swift */ = {isa = PBXFileReference; lastKnownFileType = sourcecode.swift; path = ContentView.swift; sourceTree = "<group>"; };
		04292FE723FFCFCE008C1F83 /* Assets.xcassets */ = {isa = PBXFileReference; lastKnownFileType = folder.assetcatalog; path = Assets.xcassets; sourceTree = "<group>"; };
		04292FEA23FFCFCE008C1F83 /* Preview Assets.xcassets */ = {isa = PBXFileReference; lastKnownFileType = folder.assetcatalog; path = "Preview Assets.xcassets"; sourceTree = "<group>"; };
		04292FED23FFCFCE008C1F83 /* Base */ = {isa = PBXFileReference; lastKnownFileType = file.storyboard; name = Base; path = Base.lproj/LaunchScreen.storyboard; sourceTree = "<group>"; };
		04292FEF23FFCFCE008C1F83 /* Info.plist */ = {isa = PBXFileReference; lastKnownFileType = text.plist.xml; path = Info.plist; sourceTree = "<group>"; };
		047AF449242DD8320013AF14 /* HttpRequestTests.xctest */ = {isa = PBXFileReference; explicitFileType = wrapper.cfbundle; includeInIndex = 0; path = HttpRequestTests.xctest; sourceTree = BUILT_PRODUCTS_DIR; };
		047AF44B242DD8320013AF14 /* HttpRequestTests.swift */ = {isa = PBXFileReference; lastKnownFileType = sourcecode.swift; path = HttpRequestTests.swift; sourceTree = "<group>"; };
		047AF44D242DD8320013AF14 /* Info.plist */ = {isa = PBXFileReference; lastKnownFileType = text.plist.xml; path = Info.plist; sourceTree = "<group>"; };
		6503DC86B66E2A9AA07F92E3 /* Pods-HttpRequest.release.xcconfig */ = {isa = PBXFileReference; includeInIndex = 1; lastKnownFileType = text.xcconfig; name = "Pods-HttpRequest.release.xcconfig"; path = "Target Support Files/Pods-HttpRequest/Pods-HttpRequest.release.xcconfig"; sourceTree = "<group>"; };
		820DE8DA24225F880034E3E3 /* Utils.swift */ = {isa = PBXFileReference; lastKnownFileType = sourcecode.swift; path = Utils.swift; sourceTree = "<group>"; };
		820DE8DC24225FA70034E3E3 /* APIClient.swift */ = {isa = PBXFileReference; lastKnownFileType = sourcecode.swift; path = APIClient.swift; sourceTree = "<group>"; };
		820DE8DE24225FE80034E3E3 /* Promise.swift */ = {isa = PBXFileReference; lastKnownFileType = sourcecode.swift; path = Promise.swift; sourceTree = "<group>"; };
		82136CD924057C0900BBC1DE /* Config.swift */ = {isa = PBXFileReference; fileEncoding = 4; lastKnownFileType = sourcecode.swift; path = Config.swift; sourceTree = "<group>"; };
		826F2A6124066DE500641726 /* Login.swift */ = {isa = PBXFileReference; lastKnownFileType = sourcecode.swift; path = Login.swift; sourceTree = "<group>"; };
		82D842EE24027D0700CAC50B /* ContentViewModel.swift */ = {isa = PBXFileReference; lastKnownFileType = sourcecode.swift; path = ContentViewModel.swift; sourceTree = "<group>"; };
		85576DBC49156D3321CB8F34 /* Pods_HttpRequest.framework */ = {isa = PBXFileReference; explicitFileType = wrapper.framework; includeInIndex = 0; path = Pods_HttpRequest.framework; sourceTree = BUILT_PRODUCTS_DIR; };
		C3AA680C7DF0E11A90D369FA /* Pods-HttpRequest.debug.xcconfig */ = {isa = PBXFileReference; includeInIndex = 1; lastKnownFileType = text.xcconfig; name = "Pods-HttpRequest.debug.xcconfig"; path = "Target Support Files/Pods-HttpRequest/Pods-HttpRequest.debug.xcconfig"; sourceTree = "<group>"; };
/* End PBXFileReference section */

/* Begin PBXFrameworksBuildPhase section */
		04292FDB23FFCFCD008C1F83 /* Frameworks */ = {
			isa = PBXFrameworksBuildPhase;
			buildActionMask = 2147483647;
			files = (
				9C8B66A2547A023F3ED0012E /* Pods_HttpRequest.framework in Frameworks */,
			);
			runOnlyForDeploymentPostprocessing = 0;
		};
		047AF446242DD8320013AF14 /* Frameworks */ = {
			isa = PBXFrameworksBuildPhase;
			buildActionMask = 2147483647;
			files = (
			);
			runOnlyForDeploymentPostprocessing = 0;
		};
/* End PBXFrameworksBuildPhase section */

/* Begin PBXGroup section */
		04292FD523FFCFCD008C1F83 = {
			isa = PBXGroup;
			children = (
				04292FE023FFCFCD008C1F83 /* HttpRequest */,
				047AF44A242DD8320013AF14 /* HttpRequestTests */,
				04292FDF23FFCFCD008C1F83 /* Products */,
				EA649A3A94BA2A4A3AF2AFAD /* Pods */,
				DF7C345405CC6867E1911351 /* Frameworks */,
			);
			sourceTree = "<group>";
		};
		04292FDF23FFCFCD008C1F83 /* Products */ = {
			isa = PBXGroup;
			children = (
				04292FDE23FFCFCD008C1F83 /* HttpRequest.app */,
				047AF449242DD8320013AF14 /* HttpRequestTests.xctest */,
			);
			name = Products;
			sourceTree = "<group>";
		};
		04292FE023FFCFCD008C1F83 /* HttpRequest */ = {
			isa = PBXGroup;
			children = (
				04292FE923FFCFCE008C1F83 /* Preview Content */,
				04292FEF23FFCFCE008C1F83 /* Info.plist */,
				04292FEC23FFCFCE008C1F83 /* LaunchScreen.storyboard */,
				04292FE723FFCFCE008C1F83 /* Assets.xcassets */,
				820DE8D924225F7B0034E3E3 /* Utils */,
				82D842EC24027CBD00CAC50B /* Delegates */,
				82D842ED24027CD300CAC50B /* HTTPClient */,
				82136CD624057B0D00BBC1DE /* Models */,
				04292FE523FFCFCD008C1F83 /* ContentView.swift */,
				82D842EE24027D0700CAC50B /* ContentViewModel.swift */,
			);
			path = HttpRequest;
			sourceTree = "<group>";
		};
		04292FE923FFCFCE008C1F83 /* Preview Content */ = {
			isa = PBXGroup;
			children = (
				04292FEA23FFCFCE008C1F83 /* Preview Assets.xcassets */,
			);
			path = "Preview Content";
			sourceTree = "<group>";
		};
		047AF44A242DD8320013AF14 /* HttpRequestTests */ = {
			isa = PBXGroup;
			children = (
				047AF44B242DD8320013AF14 /* HttpRequestTests.swift */,
				047AF44D242DD8320013AF14 /* Info.plist */,
			);
			path = HttpRequestTests;
			sourceTree = "<group>";
		};
		820DE8D924225F7B0034E3E3 /* Utils */ = {
			isa = PBXGroup;
			children = (
				820DE8DA24225F880034E3E3 /* Utils.swift */,
			);
			path = Utils;
			sourceTree = "<group>";
		};
		82136CD624057B0D00BBC1DE /* Models */ = {
			isa = PBXGroup;
			children = (
				82136CD924057C0900BBC1DE /* Config.swift */,
				826F2A6124066DE500641726 /* Login.swift */,
			);
			path = Models;
			sourceTree = "<group>";
		};
		82D842EC24027CBD00CAC50B /* Delegates */ = {
			isa = PBXGroup;
			children = (
				04292FE123FFCFCD008C1F83 /* AppDelegate.swift */,
				04292FE323FFCFCD008C1F83 /* SceneDelegate.swift */,
			);
			path = Delegates;
			sourceTree = "<group>";
		};
		82D842ED24027CD300CAC50B /* HTTPClient */ = {
			isa = PBXGroup;
			children = (
				820DE8DC24225FA70034E3E3 /* APIClient.swift */,
				820DE8DE24225FE80034E3E3 /* Promise.swift */,
			);
			path = HTTPClient;
			sourceTree = "<group>";
		};
		DF7C345405CC6867E1911351 /* Frameworks */ = {
			isa = PBXGroup;
			children = (
				85576DBC49156D3321CB8F34 /* Pods_HttpRequest.framework */,
			);
			name = Frameworks;
			sourceTree = "<group>";
		};
		EA649A3A94BA2A4A3AF2AFAD /* Pods */ = {
			isa = PBXGroup;
			children = (
				C3AA680C7DF0E11A90D369FA /* Pods-HttpRequest.debug.xcconfig */,
				6503DC86B66E2A9AA07F92E3 /* Pods-HttpRequest.release.xcconfig */,
			);
			path = Pods;
			sourceTree = "<group>";
		};
/* End PBXGroup section */

/* Begin PBXNativeTarget section */
		04292FDD23FFCFCD008C1F83 /* HttpRequest */ = {
			isa = PBXNativeTarget;
			buildConfigurationList = 04292FF223FFCFCE008C1F83 /* Build configuration list for PBXNativeTarget "HttpRequest" */;
			buildPhases = (
				35D25E0C32C481D1E3A839BB /* [CP] Check Pods Manifest.lock */,
				04292FDA23FFCFCD008C1F83 /* Sources */,
				04292FDB23FFCFCD008C1F83 /* Frameworks */,
				04292FDC23FFCFCD008C1F83 /* Resources */,
			);
			buildRules = (
			);
			dependencies = (
			);
			name = HttpRequest;
			productName = HttpRequest;
			productReference = 04292FDE23FFCFCD008C1F83 /* HttpRequest.app */;
			productType = "com.apple.product-type.application";
		};
		047AF448242DD8320013AF14 /* HttpRequestTests */ = {
			isa = PBXNativeTarget;
			buildConfigurationList = 047AF452242DD8320013AF14 /* Build configuration list for PBXNativeTarget "HttpRequestTests" */;
			buildPhases = (
				047AF445242DD8320013AF14 /* Sources */,
				047AF446242DD8320013AF14 /* Frameworks */,
				047AF447242DD8320013AF14 /* Resources */,
			);
			buildRules = (
			);
			dependencies = (
				047AF44F242DD8320013AF14 /* PBXTargetDependency */,
			);
			name = HttpRequestTests;
			productName = HttpRequestTests;
			productReference = 047AF449242DD8320013AF14 /* HttpRequestTests.xctest */;
			productType = "com.apple.product-type.bundle.unit-test";
		};
/* End PBXNativeTarget section */

/* Begin PBXProject section */
		04292FD623FFCFCD008C1F83 /* Project object */ = {
			isa = PBXProject;
			attributes = {
				LastSwiftUpdateCheck = 1130;
				LastUpgradeCheck = 1130;
				ORGANIZATIONNAME = wimes;
				TargetAttributes = {
					04292FDD23FFCFCD008C1F83 = {
						CreatedOnToolsVersion = 11.3.1;
					};
					047AF448242DD8320013AF14 = {
						CreatedOnToolsVersion = 11.3.1;
						TestTargetID = 04292FDD23FFCFCD008C1F83;
					};
				};
			};
			buildConfigurationList = 04292FD923FFCFCD008C1F83 /* Build configuration list for PBXProject "HttpRequest" */;
			compatibilityVersion = "Xcode 9.3";
			developmentRegion = en;
			hasScannedForEncodings = 0;
			knownRegions = (
				en,
				Base,
			);
			mainGroup = 04292FD523FFCFCD008C1F83;
			productRefGroup = 04292FDF23FFCFCD008C1F83 /* Products */;
			projectDirPath = "";
			projectRoot = "";
			targets = (
				04292FDD23FFCFCD008C1F83 /* HttpRequest */,
				047AF448242DD8320013AF14 /* HttpRequestTests */,
			);
		};
/* End PBXProject section */

/* Begin PBXResourcesBuildPhase section */
		04292FDC23FFCFCD008C1F83 /* Resources */ = {
			isa = PBXResourcesBuildPhase;
			buildActionMask = 2147483647;
			files = (
				04292FEE23FFCFCE008C1F83 /* LaunchScreen.storyboard in Resources */,
				04292FEB23FFCFCE008C1F83 /* Preview Assets.xcassets in Resources */,
				04292FE823FFCFCE008C1F83 /* Assets.xcassets in Resources */,
			);
			runOnlyForDeploymentPostprocessing = 0;
		};
		047AF447242DD8320013AF14 /* Resources */ = {
			isa = PBXResourcesBuildPhase;
			buildActionMask = 2147483647;
			files = (
			);
			runOnlyForDeploymentPostprocessing = 0;
		};
/* End PBXResourcesBuildPhase section */

/* Begin PBXShellScriptBuildPhase section */
		35D25E0C32C481D1E3A839BB /* [CP] Check Pods Manifest.lock */ = {
			isa = PBXShellScriptBuildPhase;
			buildActionMask = 2147483647;
			files = (
			);
			inputFileListPaths = (
			);
			inputPaths = (
				"${PODS_PODFILE_DIR_PATH}/Podfile.lock",
				"${PODS_ROOT}/Manifest.lock",
			);
			name = "[CP] Check Pods Manifest.lock";
			outputFileListPaths = (
			);
			outputPaths = (
				"$(DERIVED_FILE_DIR)/Pods-HttpRequest-checkManifestLockResult.txt",
			);
			runOnlyForDeploymentPostprocessing = 0;
			shellPath = /bin/sh;
			shellScript = "diff \"${PODS_PODFILE_DIR_PATH}/Podfile.lock\" \"${PODS_ROOT}/Manifest.lock\" > /dev/null\nif [ $? != 0 ] ; then\n    # print error to STDERR\n    echo \"error: The sandbox is not in sync with the Podfile.lock. Run 'pod install' or update your CocoaPods installation.\" >&2\n    exit 1\nfi\n# This output is used by Xcode 'outputs' to avoid re-running this script phase.\necho \"SUCCESS\" > \"${SCRIPT_OUTPUT_FILE_0}\"\n";
			showEnvVarsInLog = 0;
		};
/* End PBXShellScriptBuildPhase section */

/* Begin PBXSourcesBuildPhase section */
		04292FDA23FFCFCD008C1F83 /* Sources */ = {
			isa = PBXSourcesBuildPhase;
			buildActionMask = 2147483647;
			files = (
				04292FE223FFCFCD008C1F83 /* AppDelegate.swift in Sources */,
				82D842EF24027D0700CAC50B /* ContentViewModel.swift in Sources */,
				04292FE423FFCFCD008C1F83 /* SceneDelegate.swift in Sources */,
				820DE8DB24225F880034E3E3 /* Utils.swift in Sources */,
				82136CDA24057C0900BBC1DE /* Config.swift in Sources */,
				820DE8DF24225FE80034E3E3 /* Promise.swift in Sources */,
				04292FE623FFCFCD008C1F83 /* ContentView.swift in Sources */,
				826F2A6224066DE500641726 /* Login.swift in Sources */,
				820DE8DD24225FA70034E3E3 /* APIClient.swift in Sources */,
			);
			runOnlyForDeploymentPostprocessing = 0;
		};
		047AF445242DD8320013AF14 /* Sources */ = {
			isa = PBXSourcesBuildPhase;
			buildActionMask = 2147483647;
			files = (
				047AF44C242DD8320013AF14 /* HttpRequestTests.swift in Sources */,
			);
			runOnlyForDeploymentPostprocessing = 0;
		};
/* End PBXSourcesBuildPhase section */

/* Begin PBXTargetDependency section */
		047AF44F242DD8320013AF14 /* PBXTargetDependency */ = {
			isa = PBXTargetDependency;
			target = 04292FDD23FFCFCD008C1F83 /* HttpRequest */;
			targetProxy = 047AF44E242DD8320013AF14 /* PBXContainerItemProxy */;
		};
/* End PBXTargetDependency section */

/* Begin PBXVariantGroup section */
		04292FEC23FFCFCE008C1F83 /* LaunchScreen.storyboard */ = {
			isa = PBXVariantGroup;
			children = (
				04292FED23FFCFCE008C1F83 /* Base */,
			);
			name = LaunchScreen.storyboard;
			sourceTree = "<group>";
		};
/* End PBXVariantGroup section */

/* Begin XCBuildConfiguration section */
		04292FF023FFCFCE008C1F83 /* Debug */ = {
			isa = XCBuildConfiguration;
			buildSettings = {
				ALWAYS_SEARCH_USER_PATHS = NO;
				CLANG_ANALYZER_NONNULL = YES;
				CLANG_ANALYZER_NUMBER_OBJECT_CONVERSION = YES_AGGRESSIVE;
				CLANG_CXX_LANGUAGE_STANDARD = "gnu++14";
				CLANG_CXX_LIBRARY = "libc++";
				CLANG_ENABLE_MODULES = YES;
				CLANG_ENABLE_OBJC_ARC = YES;
				CLANG_ENABLE_OBJC_WEAK = YES;
				CLANG_WARN_BLOCK_CAPTURE_AUTORELEASING = YES;
				CLANG_WARN_BOOL_CONVERSION = YES;
				CLANG_WARN_COMMA = YES;
				CLANG_WARN_CONSTANT_CONVERSION = YES;
				CLANG_WARN_DEPRECATED_OBJC_IMPLEMENTATIONS = YES;
				CLANG_WARN_DIRECT_OBJC_ISA_USAGE = YES_ERROR;
				CLANG_WARN_DOCUMENTATION_COMMENTS = YES;
				CLANG_WARN_EMPTY_BODY = YES;
				CLANG_WARN_ENUM_CONVERSION = YES;
				CLANG_WARN_INFINITE_RECURSION = YES;
				CLANG_WARN_INT_CONVERSION = YES;
				CLANG_WARN_NON_LITERAL_NULL_CONVERSION = YES;
				CLANG_WARN_OBJC_IMPLICIT_RETAIN_SELF = YES;
				CLANG_WARN_OBJC_LITERAL_CONVERSION = YES;
				CLANG_WARN_OBJC_ROOT_CLASS = YES_ERROR;
				CLANG_WARN_RANGE_LOOP_ANALYSIS = YES;
				CLANG_WARN_STRICT_PROTOTYPES = YES;
				CLANG_WARN_SUSPICIOUS_MOVE = YES;
				CLANG_WARN_UNGUARDED_AVAILABILITY = YES_AGGRESSIVE;
				CLANG_WARN_UNREACHABLE_CODE = YES;
				CLANG_WARN__DUPLICATE_METHOD_MATCH = YES;
				COPY_PHASE_STRIP = NO;
				DEBUG_INFORMATION_FORMAT = dwarf;
				ENABLE_STRICT_OBJC_MSGSEND = YES;
				ENABLE_TESTABILITY = YES;
				GCC_C_LANGUAGE_STANDARD = gnu11;
				GCC_DYNAMIC_NO_PIC = NO;
				GCC_NO_COMMON_BLOCKS = YES;
				GCC_OPTIMIZATION_LEVEL = 0;
				GCC_PREPROCESSOR_DEFINITIONS = (
					"DEBUG=1",
					"$(inherited)",
				);
				GCC_WARN_64_TO_32_BIT_CONVERSION = YES;
				GCC_WARN_ABOUT_RETURN_TYPE = YES_ERROR;
				GCC_WARN_UNDECLARED_SELECTOR = YES;
				GCC_WARN_UNINITIALIZED_AUTOS = YES_AGGRESSIVE;
				GCC_WARN_UNUSED_FUNCTION = YES;
				GCC_WARN_UNUSED_VARIABLE = YES;
				IPHONEOS_DEPLOYMENT_TARGET = 13.2;
				MTL_ENABLE_DEBUG_INFO = INCLUDE_SOURCE;
				MTL_FAST_MATH = YES;
				ONLY_ACTIVE_ARCH = YES;
				SDKROOT = iphoneos;
				SWIFT_ACTIVE_COMPILATION_CONDITIONS = DEBUG;
				SWIFT_OPTIMIZATION_LEVEL = "-Onone";
			};
			name = Debug;
		};
		04292FF123FFCFCE008C1F83 /* Release */ = {
			isa = XCBuildConfiguration;
			buildSettings = {
				ALWAYS_SEARCH_USER_PATHS = NO;
				CLANG_ANALYZER_NONNULL = YES;
				CLANG_ANALYZER_NUMBER_OBJECT_CONVERSION = YES_AGGRESSIVE;
				CLANG_CXX_LANGUAGE_STANDARD = "gnu++14";
				CLANG_CXX_LIBRARY = "libc++";
				CLANG_ENABLE_MODULES = YES;
				CLANG_ENABLE_OBJC_ARC = YES;
				CLANG_ENABLE_OBJC_WEAK = YES;
				CLANG_WARN_BLOCK_CAPTURE_AUTORELEASING = YES;
				CLANG_WARN_BOOL_CONVERSION = YES;
				CLANG_WARN_COMMA = YES;
				CLANG_WARN_CONSTANT_CONVERSION = YES;
				CLANG_WARN_DEPRECATED_OBJC_IMPLEMENTATIONS = YES;
				CLANG_WARN_DIRECT_OBJC_ISA_USAGE = YES_ERROR;
				CLANG_WARN_DOCUMENTATION_COMMENTS = YES;
				CLANG_WARN_EMPTY_BODY = YES;
				CLANG_WARN_ENUM_CONVERSION = YES;
				CLANG_WARN_INFINITE_RECURSION = YES;
				CLANG_WARN_INT_CONVERSION = YES;
				CLANG_WARN_NON_LITERAL_NULL_CONVERSION = YES;
				CLANG_WARN_OBJC_IMPLICIT_RETAIN_SELF = YES;
				CLANG_WARN_OBJC_LITERAL_CONVERSION = YES;
				CLANG_WARN_OBJC_ROOT_CLASS = YES_ERROR;
				CLANG_WARN_RANGE_LOOP_ANALYSIS = YES;
				CLANG_WARN_STRICT_PROTOTYPES = YES;
				CLANG_WARN_SUSPICIOUS_MOVE = YES;
				CLANG_WARN_UNGUARDED_AVAILABILITY = YES_AGGRESSIVE;
				CLANG_WARN_UNREACHABLE_CODE = YES;
				CLANG_WARN__DUPLICATE_METHOD_MATCH = YES;
				COPY_PHASE_STRIP = NO;
				DEBUG_INFORMATION_FORMAT = "dwarf-with-dsym";
				ENABLE_NS_ASSERTIONS = NO;
				ENABLE_STRICT_OBJC_MSGSEND = YES;
				GCC_C_LANGUAGE_STANDARD = gnu11;
				GCC_NO_COMMON_BLOCKS = YES;
				GCC_WARN_64_TO_32_BIT_CONVERSION = YES;
				GCC_WARN_ABOUT_RETURN_TYPE = YES_ERROR;
				GCC_WARN_UNDECLARED_SELECTOR = YES;
				GCC_WARN_UNINITIALIZED_AUTOS = YES_AGGRESSIVE;
				GCC_WARN_UNUSED_FUNCTION = YES;
				GCC_WARN_UNUSED_VARIABLE = YES;
				IPHONEOS_DEPLOYMENT_TARGET = 13.2;
				MTL_ENABLE_DEBUG_INFO = NO;
				MTL_FAST_MATH = YES;
				SDKROOT = iphoneos;
				SWIFT_COMPILATION_MODE = wholemodule;
				SWIFT_OPTIMIZATION_LEVEL = "-O";
				VALIDATE_PRODUCT = YES;
			};
			name = Release;
		};
		04292FF323FFCFCE008C1F83 /* Debug */ = {
			isa = XCBuildConfiguration;
			baseConfigurationReference = C3AA680C7DF0E11A90D369FA /* Pods-HttpRequest.debug.xcconfig */;
			buildSettings = {
				ASSETCATALOG_COMPILER_APPICON_NAME = AppIcon;
				CODE_SIGN_STYLE = Automatic;
				DEVELOPMENT_ASSET_PATHS = "\"HttpRequest/Preview Content\"";
				DEVELOPMENT_TEAM = WCU79HG9VC;
				ENABLE_PREVIEWS = YES;
				INFOPLIST_FILE = HttpRequest/Info.plist;
				LD_RUNPATH_SEARCH_PATHS = (
					"$(inherited)",
					"@executable_path/Frameworks",
				);
				PRODUCT_BUNDLE_IDENTIFIER = com.iOS.wimes.HttpRequest;
				PRODUCT_NAME = "$(TARGET_NAME)";
				SWIFT_VERSION = 5.0;
				TARGETED_DEVICE_FAMILY = "1,2";
			};
			name = Debug;
		};
		04292FF423FFCFCE008C1F83 /* Release */ = {
			isa = XCBuildConfiguration;
			baseConfigurationReference = 6503DC86B66E2A9AA07F92E3 /* Pods-HttpRequest.release.xcconfig */;
			buildSettings = {
				ASSETCATALOG_COMPILER_APPICON_NAME = AppIcon;
				CODE_SIGN_STYLE = Automatic;
				DEVELOPMENT_ASSET_PATHS = "\"HttpRequest/Preview Content\"";
				DEVELOPMENT_TEAM = WCU79HG9VC;
				ENABLE_PREVIEWS = YES;
				INFOPLIST_FILE = HttpRequest/Info.plist;
				LD_RUNPATH_SEARCH_PATHS = (
					"$(inherited)",
					"@executable_path/Frameworks",
				);
				PRODUCT_BUNDLE_IDENTIFIER = com.iOS.wimes.HttpRequest;
				PRODUCT_NAME = "$(TARGET_NAME)";
				SWIFT_VERSION = 5.0;
				TARGETED_DEVICE_FAMILY = "1,2";
			};
			name = Release;
		};
		047AF450242DD8320013AF14 /* Debug */ = {
			isa = XCBuildConfiguration;
			buildSettings = {
				BUNDLE_LOADER = "$(TEST_HOST)";
				CODE_SIGN_STYLE = Automatic;
				DEVELOPMENT_TEAM = WCU79HG9VC;
				INFOPLIST_FILE = HttpRequestTests/Info.plist;
				LD_RUNPATH_SEARCH_PATHS = (
					"$(inherited)",
					"@executable_path/Frameworks",
					"@loader_path/Frameworks",
				);
				PRODUCT_BUNDLE_IDENTIFIER = com.iOS.wimes.HttpRequestTests;
				PRODUCT_NAME = "$(TARGET_NAME)";
				SWIFT_VERSION = 5.0;
				TARGETED_DEVICE_FAMILY = "1,2";
				TEST_HOST = "$(BUILT_PRODUCTS_DIR)/HttpRequest.app/HttpRequest";
			};
			name = Debug;
		};
		047AF451242DD8320013AF14 /* Release */ = {
			isa = XCBuildConfiguration;
			buildSettings = {
				BUNDLE_LOADER = "$(TEST_HOST)";
				CODE_SIGN_STYLE = Automatic;
				DEVELOPMENT_TEAM = WCU79HG9VC;
				INFOPLIST_FILE = HttpRequestTests/Info.plist;
				LD_RUNPATH_SEARCH_PATHS = (
					"$(inherited)",
					"@executable_path/Frameworks",
					"@loader_path/Frameworks",
				);
				PRODUCT_BUNDLE_IDENTIFIER = com.iOS.wimes.HttpRequestTests;
				PRODUCT_NAME = "$(TARGET_NAME)";
				SWIFT_VERSION = 5.0;
				TARGETED_DEVICE_FAMILY = "1,2";
				TEST_HOST = "$(BUILT_PRODUCTS_DIR)/HttpRequest.app/HttpRequest";
			};
			name = Release;
		};
/* End XCBuildConfiguration section */

/* Begin XCConfigurationList section */
		04292FD923FFCFCD008C1F83 /* Build configuration list for PBXProject "HttpRequest" */ = {
			isa = XCConfigurationList;
			buildConfigurations = (
				04292FF023FFCFCE008C1F83 /* Debug */,
				04292FF123FFCFCE008C1F83 /* Release */,
			);
			defaultConfigurationIsVisible = 0;
			defaultConfigurationName = Release;
		};
		04292FF223FFCFCE008C1F83 /* Build configuration list for PBXNativeTarget "HttpRequest" */ = {
			isa = XCConfigurationList;
			buildConfigurations = (
				04292FF323FFCFCE008C1F83 /* Debug */,
				04292FF423FFCFCE008C1F83 /* Release */,
			);
			defaultConfigurationIsVisible = 0;
			defaultConfigurationName = Release;
		};
		047AF452242DD8320013AF14 /* Build configuration list for PBXNativeTarget "HttpRequestTests" */ = {
			isa = XCConfigurationList;
			buildConfigurations = (
				047AF450242DD8320013AF14 /* Debug */,
				047AF451242DD8320013AF14 /* Release */,
			);
			defaultConfigurationIsVisible = 0;
			defaultConfigurationName = Release;
		};
/* End XCConfigurationList section */
	};
	rootObject = 04292FD623FFCFCD008C1F83 /* Project object */;
}
